
Microsoft Visual Studio Solution File, Format Version 12.00
# Visual Studio Version 16
VisualStudioVersion = 16.0.29215.179
MinimumVisualStudioVersion = 10.0.40219.1
Project("{FAE04EC0-301F-11D3-BF4B-00C04F79EFBC}") = "WpfApp1", "WpfApp1\WpfApp1.csproj", "{2CE5958D-7B24-4E97-AA22-21CD46C5F2AA}"
EndProject
Global
	GlobalSection(SolutionConfigurationPlatforms) = preSolution
		Debug|Any CPU = Debug|Any CPU
		Release|Any CPU = Release|Any CPU
	EndGlobalSection
	GlobalSection(ProjectConfigurationPlatforms) = postSolution
		{2CE5958D-7B24-4E97-AA22-21CD46C5F2AA}.Debug|Any CPU.ActiveCfg = Debug|Any CPU
		{2CE5958D-7B24-4E97-AA22-21CD46C5F2AA}.Debug|Any CPU.Build.0 = Debug|Any CPU
		{2CE5958D-7B24-4E97-AA22-21CD46C5F2AA}.Release|Any CPU.ActiveCfg = Release|Any CPU
		{2CE5958D-7B24-4E97-AA22-21CD46C5F2AA}.Release|Any CPU.Build.0 = Release|Any CPU
	EndGlobalSection
	GlobalSection(SolutionProperties) = preSolution
		HideSolutionNode = FALSE
	EndGlobalSection
	GlobalSection(ExtensibilityGlobals) = postSolution
		SolutionGuid = {D76E5892-BFAA-4275-8808-9BB937B8962A}
	EndGlobalSection
EndGlobal
