
Microsoft Visual Studio Solution File, Format Version 12.00
# Visual Studio Version 16
VisualStudioVersion = 16.0.29215.179
MinimumVisualStudioVersion = 10.0.40219.1
Project("{FAE04EC0-301F-11D3-BF4B-00C04F79EFBC}") = "ConsoleApp1", "ConsoleApp1\ConsoleApp1.csproj", "{D439F571-3018-431F-8AF1-CDA0BEEAA58B}"
EndProject
Global
	GlobalSection(SolutionConfigurationPlatforms) = preSolution
		Debug|Any CPU = Debug|Any CPU
		Release|Any CPU = Release|Any CPU
	EndGlobalSection
	GlobalSection(ProjectConfigurationPlatforms) = postSolution
		{D439F571-3018-431F-8AF1-CDA0BEEAA58B}.Debug|Any CPU.ActiveCfg = Debug|Any CPU
		{D439F571-3018-431F-8AF1-CDA0BEEAA58B}.Debug|Any CPU.Build.0 = Debug|Any CPU
		{D439F571-3018-431F-8AF1-CDA0BEEAA58B}.Release|Any CPU.ActiveCfg = Release|Any CPU
		{D439F571-3018-431F-8AF1-CDA0BEEAA58B}.Release|Any CPU.Build.0 = Release|Any CPU
	EndGlobalSection
	GlobalSection(SolutionProperties) = preSolution
		HideSolutionNode = FALSE
	EndGlobalSection
	GlobalSection(ExtensibilityGlobals) = postSolution
		SolutionGuid = {A158AF42-AF26-43BD-A0CC-4C392DA6005A}
	EndGlobalSection
EndGlobal
